
Microsoft Visual Studio Solution File, Format Version 12.00
# Visual Studio Version 18
VisualStudioVersion = 18.4.11612.150 stable
MinimumVisualStudioVersion = 10.0.40219.1
Project("{FAE04EC0-301F-11D3-BF4B-00C04F79EFBC}") = "SGTA", "SGTA.csproj", "{77DC912F-E1B1-6554-461F-43D9AB2EED3D}"
EndProject
Global
	GlobalSection(SolutionConfigurationPlatforms) = preSolution
		Debug|Any CPU = Debug|Any CPU
		Release|Any CPU = Release|Any CPU
	EndGlobalSection
	GlobalSection(ProjectConfigurationPlatforms) = postSolution
		{77DC912F-E1B1-6554-461F-43D9AB2EED3D}.Debug|Any CPU.ActiveCfg = Debug|Any CPU
		{77DC912F-E1B1-6554-461F-43D9AB2EED3D}.Debug|Any CPU.Build.0 = Debug|Any CPU
		{77DC912F-E1B1-6554-461F-43D9AB2EED3D}.Release|Any CPU.ActiveCfg = Release|Any CPU
		{77DC912F-E1B1-6554-461F-43D9AB2EED3D}.Release|Any CPU.Build.0 = Release|Any CPU
	EndGlobalSection
	GlobalSection(SolutionProperties) = preSolution
		HideSolutionNode = FALSE
	EndGlobalSection
	GlobalSection(ExtensibilityGlobals) = postSolution
		SolutionGuid = {9EE68E63-16CC-40EE-9C04-4B9ABE15005A}
	EndGlobalSection
EndGlobal
